
Microsoft Visual Studio Solution File, Format Version 12.00
# Visual Studio Version 17
VisualStudioVersion = 17.6.33815.320
MinimumVisualStudioVersion = 10.0.40219.1
Project("{FAE04EC0-301F-11D3-BF4B-00C04F79EFBC}") = "DPFirst.UI", "DPFirst.UI\DPFirst.UI.csproj", "{D8E0116D-30A3-4F78-AA4A-2C8E489F1800}"
EndProject
Project("{FAE04EC0-301F-11D3-BF4B-00C04F79EFBC}") = "DPFirst.DAL", "DPFirst.DAL\DPFirst.DAL.csproj", "{CE1DBF7C-DE35-4A92-B2CD-4E38257BC567}"
EndProject
Global
	GlobalSection(SolutionConfigurationPlatforms) = preSolution
		Debug|Any CPU = Debug|Any CPU
		Release|Any CPU = Release|Any CPU
	EndGlobalSection
	GlobalSection(ProjectConfigurationPlatforms) = postSolution
		{D8E0116D-30A3-4F78-AA4A-2C8E489F1800}.Debug|Any CPU.ActiveCfg = Debug|Any CPU
		{D8E0116D-30A3-4F78-AA4A-2C8E489F1800}.Debug|Any CPU.Build.0 = Debug|Any CPU
		{D8E0116D-30A3-4F78-AA4A-2C8E489F1800}.Release|Any CPU.ActiveCfg = Release|Any CPU
		{D8E0116D-30A3-4F78-AA4A-2C8E489F1800}.Release|Any CPU.Build.0 = Release|Any CPU
		{CE1DBF7C-DE35-4A92-B2CD-4E38257BC567}.Debug|Any CPU.ActiveCfg = Debug|Any CPU
		{CE1DBF7C-DE35-4A92-B2CD-4E38257BC567}.Debug|Any CPU.Build.0 = Debug|Any CPU
		{CE1DBF7C-DE35-4A92-B2CD-4E38257BC567}.Release|Any CPU.ActiveCfg = Release|Any CPU
		{CE1DBF7C-DE35-4A92-B2CD-4E38257BC567}.Release|Any CPU.Build.0 = Release|Any CPU
	EndGlobalSection
	GlobalSection(SolutionProperties) = preSolution
		HideSolutionNode = FALSE
	EndGlobalSection
	GlobalSection(ExtensibilityGlobals) = postSolution
		SolutionGuid = {3B3A7240-C789-4245-820A-E6257AB567AA}
	EndGlobalSection
EndGlobal
